
Microsoft Visual Studio Solution File, Format Version 12.00
# Visual Studio Version 16
VisualStudioVersion = 16.0.31624.102
MinimumVisualStudioVersion = 10.0.40219.1
Project("{FAE04EC0-301F-11D3-BF4B-00C04F79EFBC}") = "HorSchool", "HorSchool\HorSchool.csproj", "{0673D956-C9F3-487A-B7DF-0B86B4BA6E74}"
EndProject
Global
	GlobalSection(SolutionConfigurationPlatforms) = preSolution
		Debug|Any CPU = Debug|Any CPU
		Release|Any CPU = Release|Any CPU
	EndGlobalSection
	GlobalSection(ProjectConfigurationPlatforms) = postSolution
		{0673D956-C9F3-487A-B7DF-0B86B4BA6E74}.Debug|Any CPU.ActiveCfg = Debug|Any CPU
		{0673D956-C9F3-487A-B7DF-0B86B4BA6E74}.Debug|Any CPU.Build.0 = Debug|Any CPU
		{0673D956-C9F3-487A-B7DF-0B86B4BA6E74}.Release|Any CPU.ActiveCfg = Release|Any CPU
		{0673D956-C9F3-487A-B7DF-0B86B4BA6E74}.Release|Any CPU.Build.0 = Release|Any CPU
	EndGlobalSection
	GlobalSection(SolutionProperties) = preSolution
		HideSolutionNode = FALSE
	EndGlobalSection
	GlobalSection(ExtensibilityGlobals) = postSolution
		SolutionGuid = {BCC6BD1B-FED1-49AD-96EF-C4805903D0F4}
	EndGlobalSection
EndGlobal
